
Microsoft Visual Studio Solution File, Format Version 12.00
# Visual Studio Version 17
VisualStudioVersion = 17.3.32811.315
MinimumVisualStudioVersion = 10.0.40219.1
Project("{9A19103F-16F7-4668-BE54-9A1E7A4F7556}") = "Test.DXReport.Domain", "src\Test.DXReport.Domain\Test.DXReport.Domain.csproj", "{554AD327-6DBA-4F8F-96F8-81CE7A0C863F}"
EndProject
Project("{9A19103F-16F7-4668-BE54-9A1E7A4F7556}") = "Module1.TestBase", "modules\Module1\test\Module1.TestBase\Module1.TestBase.csproj", "{0d931b72-7d94-49f8-a50c-0e5e0f61ed89}"
EndProject
Project("{9A19103F-16F7-4668-BE54-9A1E7A4F7556}") = "Module1.HttpApi.Client.ConsoleTestApp", "modules\Module1\test\Module1.HttpApi.Client.ConsoleTestApp\Module1.HttpApi.Client.ConsoleTestApp.csproj", "{d51f666c-7279-49c5-b0e7-83754b939c83}"
EndProject
Project("{9A19103F-16F7-4668-BE54-9A1E7A4F7556}") = "Module1.EntityFrameworkCore.Tests", "modules\Module1\test\Module1.EntityFrameworkCore.Tests\Module1.EntityFrameworkCore.Tests.csproj", "{00a0587b-06b8-4c98-b257-4309b258b9b2}"
EndProject
Project("{9A19103F-16F7-4668-BE54-9A1E7A4F7556}") = "Module1.Domain.Tests", "modules\Module1\test\Module1.Domain.Tests\Module1.Domain.Tests.csproj", "{00035e52-8c0d-4111-ac7c-27c44e5e823c}"
EndProject
Project("{9A19103F-16F7-4668-BE54-9A1E7A4F7556}") = "Module1.Application.Tests", "modules\Module1\test\Module1.Application.Tests\Module1.Application.Tests.csproj", "{b9959e88-3b4c-4c28-ab49-26d3963cb144}"
EndProject
Project("{9A19103F-16F7-4668-BE54-9A1E7A4F7556}") = "Module1.Web", "modules\Module1\src\Module1.Web\Module1.Web.csproj", "{70a97fd8-a57c-4c98-b2ec-56d20d894486}"
EndProject
Project("{9A19103F-16F7-4668-BE54-9A1E7A4F7556}") = "Module1.Installer", "modules\Module1\src\Module1.Installer\Module1.Installer.csproj", "{cf748cb8-93b0-4915-94fa-c8559fc5a039}"
EndProject
Project("{9A19103F-16F7-4668-BE54-9A1E7A4F7556}") = "Module1.HttpApi.Client", "modules\Module1\src\Module1.HttpApi.Client\Module1.HttpApi.Client.csproj", "{4cf73a33-997f-4760-a157-1e5856f8cc07}"
EndProject
Project("{9A19103F-16F7-4668-BE54-9A1E7A4F7556}") = "Module1.HttpApi", "modules\Module1\src\Module1.HttpApi\Module1.HttpApi.csproj", "{1e43bed6-2df9-458c-a6e2-0157a4d1a975}"
EndProject
Project("{9A19103F-16F7-4668-BE54-9A1E7A4F7556}") = "Module1.EntityFrameworkCore", "modules\Module1\src\Module1.EntityFrameworkCore\Module1.EntityFrameworkCore.csproj", "{b4109fd5-fa7b-4e3f-b611-616b622a3338}"
EndProject
Project("{9A19103F-16F7-4668-BE54-9A1E7A4F7556}") = "Module1.Domain.Shared", "modules\Module1\src\Module1.Domain.Shared\Module1.Domain.Shared.csproj", "{786d17eb-146c-4bb5-99fc-07735379bdc1}"
EndProject
Project("{9A19103F-16F7-4668-BE54-9A1E7A4F7556}") = "Module1.Domain", "modules\Module1\src\Module1.Domain\Module1.Domain.csproj", "{225ce4e6-923f-4362-8a49-d68af3617cfb}"
EndProject
Project("{9A19103F-16F7-4668-BE54-9A1E7A4F7556}") = "Module1.Application.Contracts", "modules\Module1\src\Module1.Application.Contracts\Module1.Application.Contracts.csproj", "{8871ba6b-5dfb-424c-a22d-7bb7cda9abf4}"
EndProject
Project("{9A19103F-16F7-4668-BE54-9A1E7A4F7556}") = "Module1.Application", "modules\Module1\src\Module1.Application\Module1.Application.csproj", "{6573a8f9-25cb-4b2b-bb3a-2f51999b6c3b}"
EndProject
Project("{2150E333-8FDC-42A3-9474-1A3956D46DE8}") = "Module1.Tests", "Module1.Tests", "{22a162c8-b7bb-4eb9-b59d-39bea6007244}"
EndProject
Project("{2150E333-8FDC-42A3-9474-1A3956D46DE8}") = "Module1", "Module1", "{b9c368f0-a675-4c4c-ba74-c215c6a6fc63}"
EndProject
Project("{2150E333-8FDC-42A3-9474-1A3956D46DE8}") = "modules", "modules", "{c89dff22-1c6c-4f23-af9e-2487cc96639d}"
EndProject
Project("{9A19103F-16F7-4668-BE54-9A1E7A4F7556}") = "Test.DXReport.Application", "src\Test.DXReport.Application\Test.DXReport.Application.csproj", "{1A94A50E-06DC-43C1-80B5-B662820EC3EB}"
EndProject
Project("{9A19103F-16F7-4668-BE54-9A1E7A4F7556}") = "Test.DXReport.EntityFrameworkCore", "src\Test.DXReport.EntityFrameworkCore\Test.DXReport.EntityFrameworkCore.csproj", "{C956DD76-69C8-4A9C-83EA-D17DF83340FD}"
EndProject
Project("{9A19103F-16F7-4668-BE54-9A1E7A4F7556}") = "Test.DXReport.Web", "src\Test.DXReport.Web\Test.DXReport.Web.csproj", "{068855E8-9240-4F1A-910B-CF825794513B}"
EndProject
Project("{2150E333-8FDC-42A3-9474-1A3956D46DE8}") = "src", "src", "{CA9AC87F-097E-4F15-8393-4BC07735A5B0}"
EndProject
Project("{2150E333-8FDC-42A3-9474-1A3956D46DE8}") = "test", "test", "{04DBDB01-70F4-4E06-B468-8F87850B22BE}"
EndProject
Project("{9A19103F-16F7-4668-BE54-9A1E7A4F7556}") = "Test.DXReport.Application.Tests", "test\Test.DXReport.Application.Tests\Test.DXReport.Application.Tests.csproj", "{50B2631D-129C-47B3-A587-029CCD6099BC}"
EndProject
Project("{9A19103F-16F7-4668-BE54-9A1E7A4F7556}") = "Test.DXReport.Web.Tests", "test\Test.DXReport.Web.Tests\Test.DXReport.Web.Tests.csproj", "{5F1B28C6-8D0C-4155-92D0-252F7EA5F674}"
EndProject
Project("{9A19103F-16F7-4668-BE54-9A1E7A4F7556}") = "Test.DXReport.Domain.Shared", "src\Test.DXReport.Domain.Shared\Test.DXReport.Domain.Shared.csproj", "{42F719ED-8413-4895-B5B4-5AB56079BC66}"
EndProject
Project("{9A19103F-16F7-4668-BE54-9A1E7A4F7556}") = "Test.DXReport.Application.Contracts", "src\Test.DXReport.Application.Contracts\Test.DXReport.Application.Contracts.csproj", "{520659C8-C734-4298-A3DA-B539DB9DFC0B}"
EndProject
Project("{9A19103F-16F7-4668-BE54-9A1E7A4F7556}") = "Test.DXReport.HttpApi", "src\Test.DXReport.HttpApi\Test.DXReport.HttpApi.csproj", "{4164BDF7-F527-4E85-9CE6-E3C2D7426A27}"
EndProject
Project("{9A19103F-16F7-4668-BE54-9A1E7A4F7556}") = "Test.DXReport.HttpApi.Client", "src\Test.DXReport.HttpApi.Client\Test.DXReport.HttpApi.Client.csproj", "{3B5A0094-670D-4BB1-BFDD-61B88A8773DC}"
EndProject
Project("{9A19103F-16F7-4668-BE54-9A1E7A4F7556}") = "Test.DXReport.EntityFrameworkCore.Tests", "test\Test.DXReport.EntityFrameworkCore.Tests\Test.DXReport.EntityFrameworkCore.Tests.csproj", "{1FE30EB9-74A9-47F5-A9F6-7B1FAB672D81}"
EndProject
Project("{9A19103F-16F7-4668-BE54-9A1E7A4F7556}") = "Test.DXReport.TestBase", "test\Test.DXReport.TestBase\Test.DXReport.TestBase.csproj", "{91853F21-9CD9-4132-BC29-A7D5D84FFFE7}"
EndProject
Project("{9A19103F-16F7-4668-BE54-9A1E7A4F7556}") = "Test.DXReport.Domain.Tests", "test\Test.DXReport.Domain.Tests\Test.DXReport.Domain.Tests.csproj", "{E512F4D9-9375-480F-A2F6-A46509F9D824}"
EndProject
Project("{9A19103F-16F7-4668-BE54-9A1E7A4F7556}") = "Test.DXReport.HttpApi.Client.ConsoleTestApp", "test\Test.DXReport.HttpApi.Client.ConsoleTestApp\Test.DXReport.HttpApi.Client.ConsoleTestApp.csproj", "{EF480016-9127-4916-8735-D2466BDBC582}"
EndProject
Project("{9A19103F-16F7-4668-BE54-9A1E7A4F7556}") = "Test.DXReport.DbMigrator", "src\Test.DXReport.DbMigrator\Test.DXReport.DbMigrator.csproj", "{AA94D832-1CCC-4715-95A9-A483F23A1A5D}"
EndProject
Global
	GlobalSection(SolutionConfigurationPlatforms) = preSolution
		Debug|Any CPU = Debug|Any CPU
		Release|Any CPU = Release|Any CPU
	EndGlobalSection
	GlobalSection(ProjectConfigurationPlatforms) = postSolution
		{0d931b72-7d94-49f8-a50c-0e5e0f61ed89}.Debug|Any CPU.ActiveCfg = Debug|Any CPU
		{0d931b72-7d94-49f8-a50c-0e5e0f61ed89}.Debug|Any CPU.Build.0 = Debug|Any CPU
		{0d931b72-7d94-49f8-a50c-0e5e0f61ed89}.Release|Any CPU.ActiveCfg = Release|Any CPU
		{0d931b72-7d94-49f8-a50c-0e5e0f61ed89}.Release|Any CPU.Build.0 = Release|Any CPU
		{d51f666c-7279-49c5-b0e7-83754b939c83}.Debug|Any CPU.ActiveCfg = Debug|Any CPU
		{d51f666c-7279-49c5-b0e7-83754b939c83}.Debug|Any CPU.Build.0 = Debug|Any CPU
		{d51f666c-7279-49c5-b0e7-83754b939c83}.Release|Any CPU.ActiveCfg = Release|Any CPU
		{d51f666c-7279-49c5-b0e7-83754b939c83}.Release|Any CPU.Build.0 = Release|Any CPU
		{00a0587b-06b8-4c98-b257-4309b258b9b2}.Debug|Any CPU.ActiveCfg = Debug|Any CPU
		{00a0587b-06b8-4c98-b257-4309b258b9b2}.Debug|Any CPU.Build.0 = Debug|Any CPU
		{00a0587b-06b8-4c98-b257-4309b258b9b2}.Release|Any CPU.ActiveCfg = Release|Any CPU
		{00a0587b-06b8-4c98-b257-4309b258b9b2}.Release|Any CPU.Build.0 = Release|Any CPU
		{00035e52-8c0d-4111-ac7c-27c44e5e823c}.Debug|Any CPU.ActiveCfg = Debug|Any CPU
		{00035e52-8c0d-4111-ac7c-27c44e5e823c}.Debug|Any CPU.Build.0 = Debug|Any CPU
		{00035e52-8c0d-4111-ac7c-27c44e5e823c}.Release|Any CPU.ActiveCfg = Release|Any CPU
		{00035e52-8c0d-4111-ac7c-27c44e5e823c}.Release|Any CPU.Build.0 = Release|Any CPU
		{b9959e88-3b4c-4c28-ab49-26d3963cb144}.Debug|Any CPU.ActiveCfg = Debug|Any CPU
		{b9959e88-3b4c-4c28-ab49-26d3963cb144}.Debug|Any CPU.Build.0 = Debug|Any CPU
		{b9959e88-3b4c-4c28-ab49-26d3963cb144}.Release|Any CPU.ActiveCfg = Release|Any CPU
		{b9959e88-3b4c-4c28-ab49-26d3963cb144}.Release|Any CPU.Build.0 = Release|Any CPU
		{70a97fd8-a57c-4c98-b2ec-56d20d894486}.Debug|Any CPU.ActiveCfg = Debug|Any CPU
		{70a97fd8-a57c-4c98-b2ec-56d20d894486}.Debug|Any CPU.Build.0 = Debug|Any CPU
		{70a97fd8-a57c-4c98-b2ec-56d20d894486}.Release|Any CPU.ActiveCfg = Release|Any CPU
		{70a97fd8-a57c-4c98-b2ec-56d20d894486}.Release|Any CPU.Build.0 = Release|Any CPU
		{cf748cb8-93b0-4915-94fa-c8559fc5a039}.Debug|Any CPU.ActiveCfg = Debug|Any CPU
		{cf748cb8-93b0-4915-94fa-c8559fc5a039}.Debug|Any CPU.Build.0 = Debug|Any CPU
		{cf748cb8-93b0-4915-94fa-c8559fc5a039}.Release|Any CPU.ActiveCfg = Release|Any CPU
		{cf748cb8-93b0-4915-94fa-c8559fc5a039}.Release|Any CPU.Build.0 = Release|Any CPU
		{4cf73a33-997f-4760-a157-1e5856f8cc07}.Debug|Any CPU.ActiveCfg = Debug|Any CPU
		{4cf73a33-997f-4760-a157-1e5856f8cc07}.Debug|Any CPU.Build.0 = Debug|Any CPU
		{4cf73a33-997f-4760-a157-1e5856f8cc07}.Release|Any CPU.ActiveCfg = Release|Any CPU
		{4cf73a33-997f-4760-a157-1e5856f8cc07}.Release|Any CPU.Build.0 = Release|Any CPU
		{1e43bed6-2df9-458c-a6e2-0157a4d1a975}.Debug|Any CPU.ActiveCfg = Debug|Any CPU
		{1e43bed6-2df9-458c-a6e2-0157a4d1a975}.Debug|Any CPU.Build.0 = Debug|Any CPU
		{1e43bed6-2df9-458c-a6e2-0157a4d1a975}.Release|Any CPU.ActiveCfg = Release|Any CPU
		{1e43bed6-2df9-458c-a6e2-0157a4d1a975}.Release|Any CPU.Build.0 = Release|Any CPU
		{b4109fd5-fa7b-4e3f-b611-616b622a3338}.Debug|Any CPU.ActiveCfg = Debug|Any CPU
		{b4109fd5-fa7b-4e3f-b611-616b622a3338}.Debug|Any CPU.Build.0 = Debug|Any CPU
		{b4109fd5-fa7b-4e3f-b611-616b622a3338}.Release|Any CPU.ActiveCfg = Release|Any CPU
		{b4109fd5-fa7b-4e3f-b611-616b622a3338}.Release|Any CPU.Build.0 = Release|Any CPU
		{786d17eb-146c-4bb5-99fc-07735379bdc1}.Debug|Any CPU.ActiveCfg = Debug|Any CPU
		{786d17eb-146c-4bb5-99fc-07735379bdc1}.Debug|Any CPU.Build.0 = Debug|Any CPU
		{786d17eb-146c-4bb5-99fc-07735379bdc1}.Release|Any CPU.ActiveCfg = Release|Any CPU
		{786d17eb-146c-4bb5-99fc-07735379bdc1}.Release|Any CPU.Build.0 = Release|Any CPU
		{225ce4e6-923f-4362-8a49-d68af3617cfb}.Debug|Any CPU.ActiveCfg = Debug|Any CPU
		{225ce4e6-923f-4362-8a49-d68af3617cfb}.Debug|Any CPU.Build.0 = Debug|Any CPU
		{225ce4e6-923f-4362-8a49-d68af3617cfb}.Release|Any CPU.ActiveCfg = Release|Any CPU
		{225ce4e6-923f-4362-8a49-d68af3617cfb}.Release|Any CPU.Build.0 = Release|Any CPU
		{8871ba6b-5dfb-424c-a22d-7bb7cda9abf4}.Debug|Any CPU.ActiveCfg = Debug|Any CPU
		{8871ba6b-5dfb-424c-a22d-7bb7cda9abf4}.Debug|Any CPU.Build.0 = Debug|Any CPU
		{8871ba6b-5dfb-424c-a22d-7bb7cda9abf4}.Release|Any CPU.ActiveCfg = Release|Any CPU
		{8871ba6b-5dfb-424c-a22d-7bb7cda9abf4}.Release|Any CPU.Build.0 = Release|Any CPU
		{6573a8f9-25cb-4b2b-bb3a-2f51999b6c3b}.Debug|Any CPU.ActiveCfg = Debug|Any CPU
		{6573a8f9-25cb-4b2b-bb3a-2f51999b6c3b}.Debug|Any CPU.Build.0 = Debug|Any CPU
		{6573a8f9-25cb-4b2b-bb3a-2f51999b6c3b}.Release|Any CPU.ActiveCfg = Release|Any CPU
		{6573a8f9-25cb-4b2b-bb3a-2f51999b6c3b}.Release|Any CPU.Build.0 = Release|Any CPU
		{554AD327-6DBA-4F8F-96F8-81CE7A0C863F}.Debug|Any CPU.ActiveCfg = Debug|Any CPU
		{554AD327-6DBA-4F8F-96F8-81CE7A0C863F}.Debug|Any CPU.Build.0 = Debug|Any CPU
		{554AD327-6DBA-4F8F-96F8-81CE7A0C863F}.Release|Any CPU.ActiveCfg = Release|Any CPU
		{554AD327-6DBA-4F8F-96F8-81CE7A0C863F}.Release|Any CPU.Build.0 = Release|Any CPU
		{1A94A50E-06DC-43C1-80B5-B662820EC3EB}.Debug|Any CPU.ActiveCfg = Debug|Any CPU
		{1A94A50E-06DC-43C1-80B5-B662820EC3EB}.Debug|Any CPU.Build.0 = Debug|Any CPU
		{1A94A50E-06DC-43C1-80B5-B662820EC3EB}.Release|Any CPU.ActiveCfg = Release|Any CPU
		{1A94A50E-06DC-43C1-80B5-B662820EC3EB}.Release|Any CPU.Build.0 = Release|Any CPU
		{C956DD76-69C8-4A9C-83EA-D17DF83340FD}.Debug|Any CPU.ActiveCfg = Debug|Any CPU
		{C956DD76-69C8-4A9C-83EA-D17DF83340FD}.Debug|Any CPU.Build.0 = Debug|Any CPU
		{C956DD76-69C8-4A9C-83EA-D17DF83340FD}.Release|Any CPU.ActiveCfg = Release|Any CPU
		{C956DD76-69C8-4A9C-83EA-D17DF83340FD}.Release|Any CPU.Build.0 = Release|Any CPU
		{068855E8-9240-4F1A-910B-CF825794513B}.Debug|Any CPU.ActiveCfg = Debug|Any CPU
		{068855E8-9240-4F1A-910B-CF825794513B}.Debug|Any CPU.Build.0 = Debug|Any CPU
		{068855E8-9240-4F1A-910B-CF825794513B}.Release|Any CPU.ActiveCfg = Release|Any CPU
		{068855E8-9240-4F1A-910B-CF825794513B}.Release|Any CPU.Build.0 = Release|Any CPU
		{50B2631D-129C-47B3-A587-029CCD6099BC}.Debug|Any CPU.ActiveCfg = Debug|Any CPU
		{50B2631D-129C-47B3-A587-029CCD6099BC}.Debug|Any CPU.Build.0 = Debug|Any CPU
		{50B2631D-129C-47B3-A587-029CCD6099BC}.Release|Any CPU.ActiveCfg = Release|Any CPU
		{50B2631D-129C-47B3-A587-029CCD6099BC}.Release|Any CPU.Build.0 = Release|Any CPU
		{5F1B28C6-8D0C-4155-92D0-252F7EA5F674}.Debug|Any CPU.ActiveCfg = Debug|Any CPU
		{5F1B28C6-8D0C-4155-92D0-252F7EA5F674}.Debug|Any CPU.Build.0 = Debug|Any CPU
		{5F1B28C6-8D0C-4155-92D0-252F7EA5F674}.Release|Any CPU.ActiveCfg = Release|Any CPU
		{5F1B28C6-8D0C-4155-92D0-252F7EA5F674}.Release|Any CPU.Build.0 = Release|Any CPU
		{42F719ED-8413-4895-B5B4-5AB56079BC66}.Debug|Any CPU.ActiveCfg = Debug|Any CPU
		{42F719ED-8413-4895-B5B4-5AB56079BC66}.Debug|Any CPU.Build.0 = Debug|Any CPU
		{42F719ED-8413-4895-B5B4-5AB56079BC66}.Release|Any CPU.ActiveCfg = Release|Any CPU
		{42F719ED-8413-4895-B5B4-5AB56079BC66}.Release|Any CPU.Build.0 = Release|Any CPU
		{520659C8-C734-4298-A3DA-B539DB9DFC0B}.Debug|Any CPU.ActiveCfg = Debug|Any CPU
		{520659C8-C734-4298-A3DA-B539DB9DFC0B}.Debug|Any CPU.Build.0 = Debug|Any CPU
		{520659C8-C734-4298-A3DA-B539DB9DFC0B}.Release|Any CPU.ActiveCfg = Release|Any CPU
		{520659C8-C734-4298-A3DA-B539DB9DFC0B}.Release|Any CPU.Build.0 = Release|Any CPU
		{4164BDF7-F527-4E85-9CE6-E3C2D7426A27}.Debug|Any CPU.ActiveCfg = Debug|Any CPU
		{4164BDF7-F527-4E85-9CE6-E3C2D7426A27}.Debug|Any CPU.Build.0 = Debug|Any CPU
		{4164BDF7-F527-4E85-9CE6-E3C2D7426A27}.Release|Any CPU.ActiveCfg = Release|Any CPU
		{4164BDF7-F527-4E85-9CE6-E3C2D7426A27}.Release|Any CPU.Build.0 = Release|Any CPU
		{3B5A0094-670D-4BB1-BFDD-61B88A8773DC}.Debug|Any CPU.ActiveCfg = Debug|Any CPU
		{3B5A0094-670D-4BB1-BFDD-61B88A8773DC}.Debug|Any CPU.Build.0 = Debug|Any CPU
		{3B5A0094-670D-4BB1-BFDD-61B88A8773DC}.Release|Any CPU.ActiveCfg = Release|Any CPU
		{3B5A0094-670D-4BB1-BFDD-61B88A8773DC}.Release|Any CPU.Build.0 = Release|Any CPU
		{1FE30EB9-74A9-47F5-A9F6-7B1FAB672D81}.Debug|Any CPU.ActiveCfg = Debug|Any CPU
		{1FE30EB9-74A9-47F5-A9F6-7B1FAB672D81}.Debug|Any CPU.Build.0 = Debug|Any CPU
		{1FE30EB9-74A9-47F5-A9F6-7B1FAB672D81}.Release|Any CPU.ActiveCfg = Release|Any CPU
		{1FE30EB9-74A9-47F5-A9F6-7B1FAB672D81}.Release|Any CPU.Build.0 = Release|Any CPU
		{91853F21-9CD9-4132-BC29-A7D5D84FFFE7}.Debug|Any CPU.ActiveCfg = Debug|Any CPU
		{91853F21-9CD9-4132-BC29-A7D5D84FFFE7}.Debug|Any CPU.Build.0 = Debug|Any CPU
		{91853F21-9CD9-4132-BC29-A7D5D84FFFE7}.Release|Any CPU.ActiveCfg = Release|Any CPU
		{91853F21-9CD9-4132-BC29-A7D5D84FFFE7}.Release|Any CPU.Build.0 = Release|Any CPU
		{E512F4D9-9375-480F-A2F6-A46509F9D824}.Debug|Any CPU.ActiveCfg = Debug|Any CPU
		{E512F4D9-9375-480F-A2F6-A46509F9D824}.Debug|Any CPU.Build.0 = Debug|Any CPU
		{E512F4D9-9375-480F-A2F6-A46509F9D824}.Release|Any CPU.ActiveCfg = Release|Any CPU
		{E512F4D9-9375-480F-A2F6-A46509F9D824}.Release|Any CPU.Build.0 = Release|Any CPU
		{EF480016-9127-4916-8735-D2466BDBC582}.Debug|Any CPU.ActiveCfg = Debug|Any CPU
		{EF480016-9127-4916-8735-D2466BDBC582}.Debug|Any CPU.Build.0 = Debug|Any CPU
		{EF480016-9127-4916-8735-D2466BDBC582}.Release|Any CPU.ActiveCfg = Release|Any CPU
		{EF480016-9127-4916-8735-D2466BDBC582}.Release|Any CPU.Build.0 = Release|Any CPU
		{AA94D832-1CCC-4715-95A9-A483F23A1A5D}.Debug|Any CPU.ActiveCfg = Debug|Any CPU
		{AA94D832-1CCC-4715-95A9-A483F23A1A5D}.Debug|Any CPU.Build.0 = Debug|Any CPU
		{AA94D832-1CCC-4715-95A9-A483F23A1A5D}.Release|Any CPU.ActiveCfg = Release|Any CPU
		{AA94D832-1CCC-4715-95A9-A483F23A1A5D}.Release|Any CPU.Build.0 = Release|Any CPU
	EndGlobalSection
	GlobalSection(SolutionProperties) = preSolution
		HideSolutionNode = FALSE
	EndGlobalSection
	GlobalSection(NestedProjects) = preSolution
		{0d931b72-7d94-49f8-a50c-0e5e0f61ed89} = {22a162c8-b7bb-4eb9-b59d-39bea6007244}
		{d51f666c-7279-49c5-b0e7-83754b939c83} = {22a162c8-b7bb-4eb9-b59d-39bea6007244}
		{00a0587b-06b8-4c98-b257-4309b258b9b2} = {22a162c8-b7bb-4eb9-b59d-39bea6007244}
		{00035e52-8c0d-4111-ac7c-27c44e5e823c} = {22a162c8-b7bb-4eb9-b59d-39bea6007244}
		{b9959e88-3b4c-4c28-ab49-26d3963cb144} = {22a162c8-b7bb-4eb9-b59d-39bea6007244}
		{70a97fd8-a57c-4c98-b2ec-56d20d894486} = {b9c368f0-a675-4c4c-ba74-c215c6a6fc63}
		{cf748cb8-93b0-4915-94fa-c8559fc5a039} = {b9c368f0-a675-4c4c-ba74-c215c6a6fc63}
		{4cf73a33-997f-4760-a157-1e5856f8cc07} = {b9c368f0-a675-4c4c-ba74-c215c6a6fc63}
		{1e43bed6-2df9-458c-a6e2-0157a4d1a975} = {b9c368f0-a675-4c4c-ba74-c215c6a6fc63}
		{b4109fd5-fa7b-4e3f-b611-616b622a3338} = {b9c368f0-a675-4c4c-ba74-c215c6a6fc63}
		{786d17eb-146c-4bb5-99fc-07735379bdc1} = {b9c368f0-a675-4c4c-ba74-c215c6a6fc63}
		{225ce4e6-923f-4362-8a49-d68af3617cfb} = {b9c368f0-a675-4c4c-ba74-c215c6a6fc63}
		{8871ba6b-5dfb-424c-a22d-7bb7cda9abf4} = {b9c368f0-a675-4c4c-ba74-c215c6a6fc63}
		{6573a8f9-25cb-4b2b-bb3a-2f51999b6c3b} = {b9c368f0-a675-4c4c-ba74-c215c6a6fc63}
		{22a162c8-b7bb-4eb9-b59d-39bea6007244} = {04DBDB01-70F4-4E06-B468-8F87850B22BE}
		{b9c368f0-a675-4c4c-ba74-c215c6a6fc63} = {c89dff22-1c6c-4f23-af9e-2487cc96639d}
		{554AD327-6DBA-4F8F-96F8-81CE7A0C863F} = {CA9AC87F-097E-4F15-8393-4BC07735A5B0}
		{1A94A50E-06DC-43C1-80B5-B662820EC3EB} = {CA9AC87F-097E-4F15-8393-4BC07735A5B0}
		{C956DD76-69C8-4A9C-83EA-D17DF83340FD} = {CA9AC87F-097E-4F15-8393-4BC07735A5B0}
		{068855E8-9240-4F1A-910B-CF825794513B} = {CA9AC87F-097E-4F15-8393-4BC07735A5B0}
		{50B2631D-129C-47B3-A587-029CCD6099BC} = {04DBDB01-70F4-4E06-B468-8F87850B22BE}
		{5F1B28C6-8D0C-4155-92D0-252F7EA5F674} = {04DBDB01-70F4-4E06-B468-8F87850B22BE}
		{42F719ED-8413-4895-B5B4-5AB56079BC66} = {CA9AC87F-097E-4F15-8393-4BC07735A5B0}
		{520659C8-C734-4298-A3DA-B539DB9DFC0B} = {CA9AC87F-097E-4F15-8393-4BC07735A5B0}
		{4164BDF7-F527-4E85-9CE6-E3C2D7426A27} = {CA9AC87F-097E-4F15-8393-4BC07735A5B0}
		{3B5A0094-670D-4BB1-BFDD-61B88A8773DC} = {CA9AC87F-097E-4F15-8393-4BC07735A5B0}
		{1FE30EB9-74A9-47F5-A9F6-7B1FAB672D81} = {04DBDB01-70F4-4E06-B468-8F87850B22BE}
		{91853F21-9CD9-4132-BC29-A7D5D84FFFE7} = {04DBDB01-70F4-4E06-B468-8F87850B22BE}
		{E512F4D9-9375-480F-A2F6-A46509F9D824} = {04DBDB01-70F4-4E06-B468-8F87850B22BE}
		{EF480016-9127-4916-8735-D2466BDBC582} = {04DBDB01-70F4-4E06-B468-8F87850B22BE}
		{AA94D832-1CCC-4715-95A9-A483F23A1A5D} = {CA9AC87F-097E-4F15-8393-4BC07735A5B0}
	EndGlobalSection
	GlobalSection(ExtensibilityGlobals) = postSolution
		SolutionGuid = {28315BFD-90E7-4E14-A2EA-F3D23AF4126F}
	EndGlobalSection
EndGlobal
